// !$*UTF8*$!
{
	archiveVersion = 1;
	classes = {
	};
	objectVersion = 50;
	objects = {

/* Begin PBXBuildFile section */
		09D34D0E9559C1E8367CFD83 /* Pods_Sample_MVVM.framework in Frameworks */ = {isa = PBXBuildFile; fileRef = 2059D646C446F00FC6CA2C4D /* Pods_Sample_MVVM.framework */; };
		0D984F55228E3A540022AA06 /* AppDelegate.swift in Sources */ = {isa = PBXBuildFile; fileRef = 0D984F54228E3A540022AA06 /* AppDelegate.swift */; };
		0D984F5C228E3A5C0022AA06 /* Assets.xcassets in Resources */ = {isa = PBXBuildFile; fileRef = 0D984F5B228E3A5C0022AA06 /* Assets.xcassets */; };
		0D984F5F228E3A5C0022AA06 /* LaunchScreen.storyboard in Resources */ = {isa = PBXBuildFile; fileRef = 0D984F5D228E3A5C0022AA06 /* LaunchScreen.storyboard */; };
		0D984F6A228E3A5D0022AA06 /* Sample_MVVMTests.swift in Sources */ = {isa = PBXBuildFile; fileRef = 0D984F69228E3A5D0022AA06 /* Sample_MVVMTests.swift */; };
		0D984F75228E3A5D0022AA06 /* Sample_MVVMUITests.swift in Sources */ = {isa = PBXBuildFile; fileRef = 0D984F74228E3A5D0022AA06 /* Sample_MVVMUITests.swift */; };
		0D984F8C228E3B470022AA06 /* MovieFlow.swift in Sources */ = {isa = PBXBuildFile; fileRef = 0D984F8B228E3B470022AA06 /* MovieFlow.swift */; };
		0D984F8E228E3B5F0022AA06 /* FlowCoordinator.swift in Sources */ = {isa = PBXBuildFile; fileRef = 0D984F8D228E3B5F0022AA06 /* FlowCoordinator.swift */; };
		0D984F90228E3C800022AA06 /* Dynamic.swift in Sources */ = {isa = PBXBuildFile; fileRef = 0D984F8F228E3C800022AA06 /* Dynamic.swift */; };
		0D984F97228E447D0022AA06 /* PreferencesService.swift in Sources */ = {isa = PBXBuildFile; fileRef = 0D984F96228E447D0022AA06 /* PreferencesService.swift */; };
		0D984F9A228E45110022AA06 /* MoviesService.swift in Sources */ = {isa = PBXBuildFile; fileRef = 0D984F99228E45110022AA06 /* MoviesService.swift */; };
		0D984F9C228E454D0022AA06 /* MoviesApi.swift in Sources */ = {isa = PBXBuildFile; fileRef = 0D984F9B228E454D0022AA06 /* MoviesApi.swift */; };
		0D984F9E228E456C0022AA06 /* Constants.swift in Sources */ = {isa = PBXBuildFile; fileRef = 0D984F9D228E456C0022AA06 /* Constants.swift */; };
		0D984FA1228E46610022AA06 /* MoviesBusiness.swift in Sources */ = {isa = PBXBuildFile; fileRef = 0D984FA0228E46610022AA06 /* MoviesBusiness.swift */; };
		0D984FA3228E4A460022AA06 /* ListViewController.swift in Sources */ = {isa = PBXBuildFile; fileRef = 0D984FA2228E4A460022AA06 /* ListViewController.swift */; };
		0D984FA5228E4AD80022AA06 /* ListViewModel.swift in Sources */ = {isa = PBXBuildFile; fileRef = 0D984FA4228E4AD80022AA06 /* ListViewModel.swift */; };
		0D984FA9228E4DFA0022AA06 /* List.storyboard in Resources */ = {isa = PBXBuildFile; fileRef = 0D984FA8228E4DFA0022AA06 /* List.storyboard */; };
		60465FD9868EEA471856B2CA /* Pods_Sample_MVVMUITests.framework in Frameworks */ = {isa = PBXBuildFile; fileRef = A52881FD3628F367ED0F9C08 /* Pods_Sample_MVVMUITests.framework */; };
		7C1E636CCE7B53AE4B7620EC /* Pods_Sample_MVVMTests.framework in Frameworks */ = {isa = PBXBuildFile; fileRef = 9812B131D8CF7C23A9B63C4E /* Pods_Sample_MVVMTests.framework */; };
		C17243A7228F17D7000A45C1 /* DetailsMovieViewModel.swift in Sources */ = {isa = PBXBuildFile; fileRef = C17243A6228F17D7000A45C1 /* DetailsMovieViewModel.swift */; };
		C17243A9228F17E4000A45C1 /* DetailsMovieViewController.swift in Sources */ = {isa = PBXBuildFile; fileRef = C17243A8228F17E3000A45C1 /* DetailsMovieViewController.swift */; };
		C17243AB228F182D000A45C1 /* Details.storyboard in Resources */ = {isa = PBXBuildFile; fileRef = C17243AA228F182D000A45C1 /* Details.storyboard */; };
		C17243AF228F193C000A45C1 /* MoviesFormatter.swift in Sources */ = {isa = PBXBuildFile; fileRef = C17243AE228F193C000A45C1 /* MoviesFormatter.swift */; };
		C17243B5228F1986000A45C1 /* Movies.swift in Sources */ = {isa = PBXBuildFile; fileRef = C17243B4228F1986000A45C1 /* Movies.swift */; };
		C17243B8228F1CB2000A45C1 /* FormattedMovies.swift in Sources */ = {isa = PBXBuildFile; fileRef = C17243B7228F1CB2000A45C1 /* FormattedMovies.swift */; };
		C17243BB228F207D000A45C1 /* FormattedMovieDetails.swift in Sources */ = {isa = PBXBuildFile; fileRef = C17243BA228F207D000A45C1 /* FormattedMovieDetails.swift */; };
/* End PBXBuildFile section */

/* Begin PBXContainerItemProxy section */
		0D984F66228E3A5D0022AA06 /* PBXContainerItemProxy */ = {
			isa = PBXContainerItemProxy;
			containerPortal = 0D984F49228E3A540022AA06 /* Project object */;
			proxyType = 1;
			remoteGlobalIDString = 0D984F50228E3A540022AA06;
			remoteInfo = "Sample-MVVM";
		};
		0D984F71228E3A5D0022AA06 /* PBXContainerItemProxy */ = {
			isa = PBXContainerItemProxy;
			containerPortal = 0D984F49228E3A540022AA06 /* Project object */;
			proxyType = 1;
			remoteGlobalIDString = 0D984F50228E3A540022AA06;
			remoteInfo = "Sample-MVVM";
		};
/* End PBXContainerItemProxy section */

/* Begin PBXFileReference section */
		0D984F51228E3A540022AA06 /* Sample-MVVM.app */ = {isa = PBXFileReference; explicitFileType = wrapper.application; includeInIndex = 0; path = "Sample-MVVM.app"; sourceTree = BUILT_PRODUCTS_DIR; };
		0D984F54228E3A540022AA06 /* AppDelegate.swift */ = {isa = PBXFileReference; lastKnownFileType = sourcecode.swift; path = AppDelegate.swift; sourceTree = "<group>"; };
		0D984F5B228E3A5C0022AA06 /* Assets.xcassets */ = {isa = PBXFileReference; lastKnownFileType = folder.assetcatalog; path = Assets.xcassets; sourceTree = "<group>"; };
		0D984F5E228E3A5C0022AA06 /* Base */ = {isa = PBXFileReference; lastKnownFileType = file.storyboard; name = Base; path = Base.lproj/LaunchScreen.storyboard; sourceTree = "<group>"; };
		0D984F60228E3A5C0022AA06 /* Info.plist */ = {isa = PBXFileReference; lastKnownFileType = text.plist.xml; path = Info.plist; sourceTree = "<group>"; };
		0D984F65228E3A5D0022AA06 /* Sample-MVVMTests.xctest */ = {isa = PBXFileReference; explicitFileType = wrapper.cfbundle; includeInIndex = 0; path = "Sample-MVVMTests.xctest"; sourceTree = BUILT_PRODUCTS_DIR; };
		0D984F69228E3A5D0022AA06 /* Sample_MVVMTests.swift */ = {isa = PBXFileReference; lastKnownFileType = sourcecode.swift; path = Sample_MVVMTests.swift; sourceTree = "<group>"; };
		0D984F6B228E3A5D0022AA06 /* Info.plist */ = {isa = PBXFileReference; lastKnownFileType = text.plist.xml; path = Info.plist; sourceTree = "<group>"; };
		0D984F70228E3A5D0022AA06 /* Sample-MVVMUITests.xctest */ = {isa = PBXFileReference; explicitFileType = wrapper.cfbundle; includeInIndex = 0; path = "Sample-MVVMUITests.xctest"; sourceTree = BUILT_PRODUCTS_DIR; };
		0D984F74228E3A5D0022AA06 /* Sample_MVVMUITests.swift */ = {isa = PBXFileReference; lastKnownFileType = sourcecode.swift; path = Sample_MVVMUITests.swift; sourceTree = "<group>"; };
		0D984F76228E3A5D0022AA06 /* Info.plist */ = {isa = PBXFileReference; lastKnownFileType = text.plist.xml; path = Info.plist; sourceTree = "<group>"; };
		0D984F8B228E3B470022AA06 /* MovieFlow.swift */ = {isa = PBXFileReference; lastKnownFileType = sourcecode.swift; path = MovieFlow.swift; sourceTree = "<group>"; };
		0D984F8D228E3B5F0022AA06 /* FlowCoordinator.swift */ = {isa = PBXFileReference; lastKnownFileType = sourcecode.swift; path = FlowCoordinator.swift; sourceTree = "<group>"; };
		0D984F8F228E3C800022AA06 /* Dynamic.swift */ = {isa = PBXFileReference; lastKnownFileType = sourcecode.swift; path = Dynamic.swift; sourceTree = "<group>"; };
		0D984F96228E447D0022AA06 /* PreferencesService.swift */ = {isa = PBXFileReference; lastKnownFileType = sourcecode.swift; path = PreferencesService.swift; sourceTree = "<group>"; };
		0D984F99228E45110022AA06 /* MoviesService.swift */ = {isa = PBXFileReference; lastKnownFileType = sourcecode.swift; path = MoviesService.swift; sourceTree = "<group>"; };
		0D984F9B228E454D0022AA06 /* MoviesApi.swift */ = {isa = PBXFileReference; lastKnownFileType = sourcecode.swift; path = MoviesApi.swift; sourceTree = "<group>"; };
		0D984F9D228E456C0022AA06 /* Constants.swift */ = {isa = PBXFileReference; lastKnownFileType = sourcecode.swift; path = Constants.swift; sourceTree = "<group>"; };
		0D984FA0228E46610022AA06 /* MoviesBusiness.swift */ = {isa = PBXFileReference; lastKnownFileType = sourcecode.swift; path = MoviesBusiness.swift; sourceTree = "<group>"; };
		0D984FA2228E4A460022AA06 /* ListViewController.swift */ = {isa = PBXFileReference; lastKnownFileType = sourcecode.swift; path = ListViewController.swift; sourceTree = "<group>"; };
		0D984FA4228E4AD80022AA06 /* ListViewModel.swift */ = {isa = PBXFileReference; lastKnownFileType = sourcecode.swift; path = ListViewModel.swift; sourceTree = "<group>"; };
		0D984FA8228E4DFA0022AA06 /* List.storyboard */ = {isa = PBXFileReference; lastKnownFileType = file.storyboard; path = List.storyboard; sourceTree = "<group>"; };
		2059D646C446F00FC6CA2C4D /* Pods_Sample_MVVM.framework */ = {isa = PBXFileReference; explicitFileType = wrapper.framework; includeInIndex = 0; path = Pods_Sample_MVVM.framework; sourceTree = BUILT_PRODUCTS_DIR; };
		2C3FA663B240A1A5A3FD1CC3 /* Pods-Sample-MVVM.release.xcconfig */ = {isa = PBXFileReference; includeInIndex = 1; lastKnownFileType = text.xcconfig; name = "Pods-Sample-MVVM.release.xcconfig"; path = "Pods/Target Support Files/Pods-Sample-MVVM/Pods-Sample-MVVM.release.xcconfig"; sourceTree = "<group>"; };
		318DDACCD2A1F4ED322789BC /* Pods-Sample-MVVMUITests.release.xcconfig */ = {isa = PBXFileReference; includeInIndex = 1; lastKnownFileType = text.xcconfig; name = "Pods-Sample-MVVMUITests.release.xcconfig"; path = "Pods/Target Support Files/Pods-Sample-MVVMUITests/Pods-Sample-MVVMUITests.release.xcconfig"; sourceTree = "<group>"; };
		432E2DB000679EEA9109166A /* Pods-Sample-MVVM.debug.xcconfig */ = {isa = PBXFileReference; includeInIndex = 1; lastKnownFileType = text.xcconfig; name = "Pods-Sample-MVVM.debug.xcconfig"; path = "Pods/Target Support Files/Pods-Sample-MVVM/Pods-Sample-MVVM.debug.xcconfig"; sourceTree = "<group>"; };
		707969CF6A91516300FB366C /* Pods-Sample-MVVMUITests.debug.xcconfig */ = {isa = PBXFileReference; includeInIndex = 1; lastKnownFileType = text.xcconfig; name = "Pods-Sample-MVVMUITests.debug.xcconfig"; path = "Pods/Target Support Files/Pods-Sample-MVVMUITests/Pods-Sample-MVVMUITests.debug.xcconfig"; sourceTree = "<group>"; };
		9812B131D8CF7C23A9B63C4E /* Pods_Sample_MVVMTests.framework */ = {isa = PBXFileReference; explicitFileType = wrapper.framework; includeInIndex = 0; path = Pods_Sample_MVVMTests.framework; sourceTree = BUILT_PRODUCTS_DIR; };
		9836C19B0E3370ECA0E0DDFB /* Pods-Sample-MVVMTests.release.xcconfig */ = {isa = PBXFileReference; includeInIndex = 1; lastKnownFileType = text.xcconfig; name = "Pods-Sample-MVVMTests.release.xcconfig"; path = "Pods/Target Support Files/Pods-Sample-MVVMTests/Pods-Sample-MVVMTests.release.xcconfig"; sourceTree = "<group>"; };
		A52881FD3628F367ED0F9C08 /* Pods_Sample_MVVMUITests.framework */ = {isa = PBXFileReference; explicitFileType = wrapper.framework; includeInIndex = 0; path = Pods_Sample_MVVMUITests.framework; sourceTree = BUILT_PRODUCTS_DIR; };
		A5784DD1D62D6459A223B7A4 /* Pods-Sample-MVVMTests.debug.xcconfig */ = {isa = PBXFileReference; includeInIndex = 1; lastKnownFileType = text.xcconfig; name = "Pods-Sample-MVVMTests.debug.xcconfig"; path = "Pods/Target Support Files/Pods-Sample-MVVMTests/Pods-Sample-MVVMTests.debug.xcconfig"; sourceTree = "<group>"; };
		C17243A6228F17D7000A45C1 /* DetailsMovieViewModel.swift */ = {isa = PBXFileReference; lastKnownFileType = sourcecode.swift; path = DetailsMovieViewModel.swift; sourceTree = "<group>"; };
		C17243A8228F17E3000A45C1 /* DetailsMovieViewController.swift */ = {isa = PBXFileReference; lastKnownFileType = sourcecode.swift; path = DetailsMovieViewController.swift; sourceTree = "<group>"; };
		C17243AA228F182D000A45C1 /* Details.storyboard */ = {isa = PBXFileReference; lastKnownFileType = file.storyboard; path = Details.storyboard; sourceTree = "<group>"; };
		C17243AE228F193C000A45C1 /* MoviesFormatter.swift */ = {isa = PBXFileReference; lastKnownFileType = sourcecode.swift; path = MoviesFormatter.swift; sourceTree = "<group>"; };
		C17243B4228F1986000A45C1 /* Movies.swift */ = {isa = PBXFileReference; lastKnownFileType = sourcecode.swift; path = Movies.swift; sourceTree = "<group>"; };
		C17243B7228F1CB2000A45C1 /* FormattedMovies.swift */ = {isa = PBXFileReference; lastKnownFileType = sourcecode.swift; path = FormattedMovies.swift; sourceTree = "<group>"; };
		C17243BA228F207D000A45C1 /* FormattedMovieDetails.swift */ = {isa = PBXFileReference; lastKnownFileType = sourcecode.swift; path = FormattedMovieDetails.swift; sourceTree = "<group>"; };
/* End PBXFileReference section */

/* Begin PBXFrameworksBuildPhase section */
		0D984F4E228E3A540022AA06 /* Frameworks */ = {
			isa = PBXFrameworksBuildPhase;
			buildActionMask = 2147483647;
			files = (
				09D34D0E9559C1E8367CFD83 /* Pods_Sample_MVVM.framework in Frameworks */,
			);
			runOnlyForDeploymentPostprocessing = 0;
		};
		0D984F62228E3A5D0022AA06 /* Frameworks */ = {
			isa = PBXFrameworksBuildPhase;
			buildActionMask = 2147483647;
			files = (
				7C1E636CCE7B53AE4B7620EC /* Pods_Sample_MVVMTests.framework in Frameworks */,
			);
			runOnlyForDeploymentPostprocessing = 0;
		};
		0D984F6D228E3A5D0022AA06 /* Frameworks */ = {
			isa = PBXFrameworksBuildPhase;
			buildActionMask = 2147483647;
			files = (
				60465FD9868EEA471856B2CA /* Pods_Sample_MVVMUITests.framework in Frameworks */,
			);
			runOnlyForDeploymentPostprocessing = 0;
		};
/* End PBXFrameworksBuildPhase section */

/* Begin PBXGroup section */
		0D984F48228E3A540022AA06 = {
			isa = PBXGroup;
			children = (
				0D984F53228E3A540022AA06 /* Sample-MVVM */,
				0D984F68228E3A5D0022AA06 /* Sample-MVVMTests */,
				0D984F73228E3A5D0022AA06 /* Sample-MVVMUITests */,
				0D984F52228E3A540022AA06 /* Products */,
				2A2208C9867E137942288D91 /* Pods */,
				212293C7BE049737979885BB /* Frameworks */,
			);
			sourceTree = "<group>";
		};
		0D984F52228E3A540022AA06 /* Products */ = {
			isa = PBXGroup;
			children = (
				0D984F51228E3A540022AA06 /* Sample-MVVM.app */,
				0D984F65228E3A5D0022AA06 /* Sample-MVVMTests.xctest */,
				0D984F70228E3A5D0022AA06 /* Sample-MVVMUITests.xctest */,
			);
			name = Products;
			sourceTree = "<group>";
		};
		0D984F53228E3A540022AA06 /* Sample-MVVM */ = {
			isa = PBXGroup;
			children = (
				C17243B0228F195D000A45C1 /* Models */,
				0D984F82228E3A800022AA06 /* Presentation */,
				0D984F89228E3AFA0022AA06 /* FlowCoordinator */,
				0D984F95228E444A0022AA06 /* Business */,
				0D984F92228E44260022AA06 /* Service */,
				0D984F84228E3AA80022AA06 /* SupportFiles */,
				0D984F83228E3A990022AA06 /* Utils */,
			);
			path = "Sample-MVVM";
			sourceTree = "<group>";
		};
		0D984F68228E3A5D0022AA06 /* Sample-MVVMTests */ = {
			isa = PBXGroup;
			children = (
				0D984F69228E3A5D0022AA06 /* Sample_MVVMTests.swift */,
				0D984F6B228E3A5D0022AA06 /* Info.plist */,
			);
			path = "Sample-MVVMTests";
			sourceTree = "<group>";
		};
		0D984F73228E3A5D0022AA06 /* Sample-MVVMUITests */ = {
			isa = PBXGroup;
			children = (
				0D984F74228E3A5D0022AA06 /* Sample_MVVMUITests.swift */,
				0D984F76228E3A5D0022AA06 /* Info.plist */,
			);
			path = "Sample-MVVMUITests";
			sourceTree = "<group>";
		};
		0D984F82228E3A800022AA06 /* Presentation */ = {
			isa = PBXGroup;
			children = (
				0D984F86228E3AC30022AA06 /* List */,
				C17243A5228F17B6000A45C1 /* Details */,
			);
			path = Presentation;
			sourceTree = "<group>";
		};
		0D984F83228E3A990022AA06 /* Utils */ = {
			isa = PBXGroup;
			children = (
				0D984F85228E3ABB0022AA06 /* Extensions */,
				0D984F8F228E3C800022AA06 /* Dynamic.swift */,
				0D984F9D228E456C0022AA06 /* Constants.swift */,
			);
			path = Utils;
			sourceTree = "<group>";
		};
		0D984F84228E3AA80022AA06 /* SupportFiles */ = {
			isa = PBXGroup;
			children = (
				0D984F54228E3A540022AA06 /* AppDelegate.swift */,
				0D984F5D228E3A5C0022AA06 /* LaunchScreen.storyboard */,
				0D984F5B228E3A5C0022AA06 /* Assets.xcassets */,
				0D984F60228E3A5C0022AA06 /* Info.plist */,
			);
			path = SupportFiles;
			sourceTree = "<group>";
		};
		0D984F85228E3ABB0022AA06 /* Extensions */ = {
			isa = PBXGroup;
			children = (
			);
			path = Extensions;
			sourceTree = "<group>";
		};
		0D984F86228E3AC30022AA06 /* List */ = {
			isa = PBXGroup;
			children = (
				C17243B6228F1CAB000A45C1 /* Models */,
				0D984FA4228E4AD80022AA06 /* ListViewModel.swift */,
				0D984FA2228E4A460022AA06 /* ListViewController.swift */,
				0D984FA8228E4DFA0022AA06 /* List.storyboard */,
			);
			path = List;
			sourceTree = "<group>";
		};
		0D984F89228E3AFA0022AA06 /* FlowCoordinator */ = {
			isa = PBXGroup;
			children = (
				0D984F8A228E3B1B0022AA06 /* Pod */,
				0D984F8B228E3B470022AA06 /* MovieFlow.swift */,
			);
			path = FlowCoordinator;
			sourceTree = "<group>";
		};
		0D984F8A228E3B1B0022AA06 /* Pod */ = {
			isa = PBXGroup;
			children = (
				0D984F8D228E3B5F0022AA06 /* FlowCoordinator.swift */,
			);
			path = Pod;
			sourceTree = "<group>";
		};
		0D984F92228E44260022AA06 /* Service */ = {
			isa = PBXGroup;
			children = (
				C17243AC228F1927000A45C1 /* Formatter */,
				0D984F94228E44430022AA06 /* Remote */,
				0D984F93228E443D0022AA06 /* Local */,
			);
			path = Service;
			sourceTree = "<group>";
		};
		0D984F93228E443D0022AA06 /* Local */ = {
			isa = PBXGroup;
			children = (
				0D984F96228E447D0022AA06 /* PreferencesService.swift */,
			);
			path = Local;
			sourceTree = "<group>";
		};
		0D984F94228E44430022AA06 /* Remote */ = {
			isa = PBXGroup;
			children = (
				0D984F98228E45000022AA06 /* Movies */,
			);
			path = Remote;
			sourceTree = "<group>";
		};
		0D984F95228E444A0022AA06 /* Business */ = {
			isa = PBXGroup;
			children = (
				0D984F9F228E46540022AA06 /* Movies */,
			);
			path = Business;
			sourceTree = "<group>";
		};
		0D984F98228E45000022AA06 /* Movies */ = {
			isa = PBXGroup;
			children = (
				0D984F99228E45110022AA06 /* MoviesService.swift */,
				0D984F9B228E454D0022AA06 /* MoviesApi.swift */,
			);
			path = Movies;
			sourceTree = "<group>";
		};
		0D984F9F228E46540022AA06 /* Movies */ = {
			isa = PBXGroup;
			children = (
				0D984FA0228E46610022AA06 /* MoviesBusiness.swift */,
			);
			path = Movies;
			sourceTree = "<group>";
		};
		212293C7BE049737979885BB /* Frameworks */ = {
			isa = PBXGroup;
			children = (
				2059D646C446F00FC6CA2C4D /* Pods_Sample_MVVM.framework */,
				9812B131D8CF7C23A9B63C4E /* Pods_Sample_MVVMTests.framework */,
				A52881FD3628F367ED0F9C08 /* Pods_Sample_MVVMUITests.framework */,
			);
			name = Frameworks;
			sourceTree = "<group>";
		};
		2A2208C9867E137942288D91 /* Pods */ = {
			isa = PBXGroup;
			children = (
				432E2DB000679EEA9109166A /* Pods-Sample-MVVM.debug.xcconfig */,
				2C3FA663B240A1A5A3FD1CC3 /* Pods-Sample-MVVM.release.xcconfig */,
				A5784DD1D62D6459A223B7A4 /* Pods-Sample-MVVMTests.debug.xcconfig */,
				9836C19B0E3370ECA0E0DDFB /* Pods-Sample-MVVMTests.release.xcconfig */,
				707969CF6A91516300FB366C /* Pods-Sample-MVVMUITests.debug.xcconfig */,
				318DDACCD2A1F4ED322789BC /* Pods-Sample-MVVMUITests.release.xcconfig */,
			);
			name = Pods;
			sourceTree = "<group>";
		};
		C17243A5228F17B6000A45C1 /* Details */ = {
			isa = PBXGroup;
			children = (
				C17243B9228F2065000A45C1 /* Models */,
				C17243A6228F17D7000A45C1 /* DetailsMovieViewModel.swift */,
				C17243A8228F17E3000A45C1 /* DetailsMovieViewController.swift */,
				C17243AA228F182D000A45C1 /* Details.storyboard */,
			);
			path = Details;
			sourceTree = "<group>";
		};
		C17243AC228F1927000A45C1 /* Formatter */ = {
			isa = PBXGroup;
			children = (
				C17243AD228F1933000A45C1 /* Movies */,
			);
			path = Formatter;
			sourceTree = "<group>";
		};
		C17243AD228F1933000A45C1 /* Movies */ = {
			isa = PBXGroup;
			children = (
				C17243AE228F193C000A45C1 /* MoviesFormatter.swift */,
			);
			path = Movies;
			sourceTree = "<group>";
		};
		C17243B0228F195D000A45C1 /* Models */ = {
			isa = PBXGroup;
			children = (
				C17243B3228F196B000A45C1 /* Payload */,
				C17243B2228F1966000A45C1 /* Response */,
			);
			path = Models;
			sourceTree = "<group>";
		};
		C17243B2228F1966000A45C1 /* Response */ = {
			isa = PBXGroup;
			children = (
				C17243B4228F1986000A45C1 /* Movies.swift */,
			);
			path = Response;
			sourceTree = "<group>";
		};
		C17243B3228F196B000A45C1 /* Payload */ = {
			isa = PBXGroup;
			children = (
			);
			path = Payload;
			sourceTree = "<group>";
		};
		C17243B6228F1CAB000A45C1 /* Models */ = {
			isa = PBXGroup;
			children = (
				C17243B7228F1CB2000A45C1 /* FormattedMovies.swift */,
			);
			path = Models;
			sourceTree = "<group>";
		};
		C17243B9228F2065000A45C1 /* Models */ = {
			isa = PBXGroup;
			children = (
				C17243BA228F207D000A45C1 /* FormattedMovieDetails.swift */,
			);
			path = Models;
			sourceTree = "<group>";
		};
/* End PBXGroup section */

/* Begin PBXNativeTarget section */
		0D984F50228E3A540022AA06 /* Sample-MVVM */ = {
			isa = PBXNativeTarget;
			buildConfigurationList = 0D984F79228E3A5D0022AA06 /* Build configuration list for PBXNativeTarget "Sample-MVVM" */;
			buildPhases = (
				CB375E958AF585AAA6A5F3E6 /* [CP] Check Pods Manifest.lock */,
				0D984F4D228E3A540022AA06 /* Sources */,
				0D984F4E228E3A540022AA06 /* Frameworks */,
				0D984F4F228E3A540022AA06 /* Resources */,
				E6B2DA0817A0419CF52968C3 /* [CP] Embed Pods Frameworks */,
			);
			buildRules = (
			);
			dependencies = (
			);
			name = "Sample-MVVM";
			productName = "Sample-MVVM";
			productReference = 0D984F51228E3A540022AA06 /* Sample-MVVM.app */;
			productType = "com.apple.product-type.application";
		};
		0D984F64228E3A5D0022AA06 /* Sample-MVVMTests */ = {
			isa = PBXNativeTarget;
			buildConfigurationList = 0D984F7C228E3A5D0022AA06 /* Build configuration list for PBXNativeTarget "Sample-MVVMTests" */;
			buildPhases = (
				5C88A4416A1CBFB77AB6EE84 /* [CP] Check Pods Manifest.lock */,
				0D984F61228E3A5D0022AA06 /* Sources */,
				0D984F62228E3A5D0022AA06 /* Frameworks */,
				0D984F63228E3A5D0022AA06 /* Resources */,
			);
			buildRules = (
			);
			dependencies = (
				0D984F67228E3A5D0022AA06 /* PBXTargetDependency */,
			);
			name = "Sample-MVVMTests";
			productName = "Sample-MVVMTests";
			productReference = 0D984F65228E3A5D0022AA06 /* Sample-MVVMTests.xctest */;
			productType = "com.apple.product-type.bundle.unit-test";
		};
		0D984F6F228E3A5D0022AA06 /* Sample-MVVMUITests */ = {
			isa = PBXNativeTarget;
			buildConfigurationList = 0D984F7F228E3A5D0022AA06 /* Build configuration list for PBXNativeTarget "Sample-MVVMUITests" */;
			buildPhases = (
				16668093F849BF0957A6B930 /* [CP] Check Pods Manifest.lock */,
				0D984F6C228E3A5D0022AA06 /* Sources */,
				0D984F6D228E3A5D0022AA06 /* Frameworks */,
				0D984F6E228E3A5D0022AA06 /* Resources */,
			);
			buildRules = (
			);
			dependencies = (
				0D984F72228E3A5D0022AA06 /* PBXTargetDependency */,
			);
			name = "Sample-MVVMUITests";
			productName = "Sample-MVVMUITests";
			productReference = 0D984F70228E3A5D0022AA06 /* Sample-MVVMUITests.xctest */;
			productType = "com.apple.product-type.bundle.ui-testing";
		};
/* End PBXNativeTarget section */

/* Begin PBXProject section */
		0D984F49228E3A540022AA06 /* Project object */ = {
			isa = PBXProject;
			attributes = {
				LastSwiftUpdateCheck = 1020;
				LastUpgradeCheck = 1020;
				ORGANIZATIONNAME = "Vitor Silveira";
				TargetAttributes = {
					0D984F50228E3A540022AA06 = {
						CreatedOnToolsVersion = 10.2.1;
					};
					0D984F64228E3A5D0022AA06 = {
						CreatedOnToolsVersion = 10.2.1;
						TestTargetID = 0D984F50228E3A540022AA06;
					};
					0D984F6F228E3A5D0022AA06 = {
						CreatedOnToolsVersion = 10.2.1;
						TestTargetID = 0D984F50228E3A540022AA06;
					};
				};
			};
			buildConfigurationList = 0D984F4C228E3A540022AA06 /* Build configuration list for PBXProject "Sample-MVVM" */;
			compatibilityVersion = "Xcode 9.3";
			developmentRegion = en;
			hasScannedForEncodings = 0;
			knownRegions = (
				en,
				Base,
			);
			mainGroup = 0D984F48228E3A540022AA06;
			productRefGroup = 0D984F52228E3A540022AA06 /* Products */;
			projectDirPath = "";
			projectRoot = "";
			targets = (
				0D984F50228E3A540022AA06 /* Sample-MVVM */,
				0D984F64228E3A5D0022AA06 /* Sample-MVVMTests */,
				0D984F6F228E3A5D0022AA06 /* Sample-MVVMUITests */,
			);
		};
/* End PBXProject section */

/* Begin PBXResourcesBuildPhase section */
		0D984F4F228E3A540022AA06 /* Resources */ = {
			isa = PBXResourcesBuildPhase;
			buildActionMask = 2147483647;
			files = (
				0D984F5F228E3A5C0022AA06 /* LaunchScreen.storyboard in Resources */,
				0D984FA9228E4DFA0022AA06 /* List.storyboard in Resources */,
				0D984F5C228E3A5C0022AA06 /* Assets.xcassets in Resources */,
				C17243AB228F182D000A45C1 /* Details.storyboard in Resources */,
			);
			runOnlyForDeploymentPostprocessing = 0;
		};
		0D984F63228E3A5D0022AA06 /* Resources */ = {
			isa = PBXResourcesBuildPhase;
			buildActionMask = 2147483647;
			files = (
			);
			runOnlyForDeploymentPostprocessing = 0;
		};
		0D984F6E228E3A5D0022AA06 /* Resources */ = {
			isa = PBXResourcesBuildPhase;
			buildActionMask = 2147483647;
			files = (
			);
			runOnlyForDeploymentPostprocessing = 0;
		};
/* End PBXResourcesBuildPhase section */

/* Begin PBXShellScriptBuildPhase section */
		16668093F849BF0957A6B930 /* [CP] Check Pods Manifest.lock */ = {
			isa = PBXShellScriptBuildPhase;
			buildActionMask = 2147483647;
			files = (
			);
			inputFileListPaths = (
			);
			inputPaths = (
				"${PODS_PODFILE_DIR_PATH}/Podfile.lock",
				"${PODS_ROOT}/Manifest.lock",
			);
			name = "[CP] Check Pods Manifest.lock";
			outputFileListPaths = (
			);
			outputPaths = (
				"$(DERIVED_FILE_DIR)/Pods-Sample-MVVMUITests-checkManifestLockResult.txt",
			);
			runOnlyForDeploymentPostprocessing = 0;
			shellPath = /bin/sh;
			shellScript = "diff \"${PODS_PODFILE_DIR_PATH}/Podfile.lock\" \"${PODS_ROOT}/Manifest.lock\" > /dev/null\nif [ $? != 0 ] ; then\n    # print error to STDERR\n    echo \"error: The sandbox is not in sync with the Podfile.lock. Run 'pod install' or update your CocoaPods installation.\" >&2\n    exit 1\nfi\n# This output is used by Xcode 'outputs' to avoid re-running this script phase.\necho \"SUCCESS\" > \"${SCRIPT_OUTPUT_FILE_0}\"\n";
			showEnvVarsInLog = 0;
		};
		5C88A4416A1CBFB77AB6EE84 /* [CP] Check Pods Manifest.lock */ = {
			isa = PBXShellScriptBuildPhase;
			buildActionMask = 2147483647;
			files = (
			);
			inputFileListPaths = (
			);
			inputPaths = (
				"${PODS_PODFILE_DIR_PATH}/Podfile.lock",
				"${PODS_ROOT}/Manifest.lock",
			);
			name = "[CP] Check Pods Manifest.lock";
			outputFileListPaths = (
			);
			outputPaths = (
				"$(DERIVED_FILE_DIR)/Pods-Sample-MVVMTests-checkManifestLockResult.txt",
			);
			runOnlyForDeploymentPostprocessing = 0;
			shellPath = /bin/sh;
			shellScript = "diff \"${PODS_PODFILE_DIR_PATH}/Podfile.lock\" \"${PODS_ROOT}/Manifest.lock\" > /dev/null\nif [ $? != 0 ] ; then\n    # print error to STDERR\n    echo \"error: The sandbox is not in sync with the Podfile.lock. Run 'pod install' or update your CocoaPods installation.\" >&2\n    exit 1\nfi\n# This output is used by Xcode 'outputs' to avoid re-running this script phase.\necho \"SUCCESS\" > \"${SCRIPT_OUTPUT_FILE_0}\"\n";
			showEnvVarsInLog = 0;
		};
		CB375E958AF585AAA6A5F3E6 /* [CP] Check Pods Manifest.lock */ = {
			isa = PBXShellScriptBuildPhase;
			buildActionMask = 2147483647;
			files = (
			);
			inputFileListPaths = (
			);
			inputPaths = (
				"${PODS_PODFILE_DIR_PATH}/Podfile.lock",
				"${PODS_ROOT}/Manifest.lock",
			);
			name = "[CP] Check Pods Manifest.lock";
			outputFileListPaths = (
			);
			outputPaths = (
				"$(DERIVED_FILE_DIR)/Pods-Sample-MVVM-checkManifestLockResult.txt",
			);
			runOnlyForDeploymentPostprocessing = 0;
			shellPath = /bin/sh;
			shellScript = "diff \"${PODS_PODFILE_DIR_PATH}/Podfile.lock\" \"${PODS_ROOT}/Manifest.lock\" > /dev/null\nif [ $? != 0 ] ; then\n    # print error to STDERR\n    echo \"error: The sandbox is not in sync with the Podfile.lock. Run 'pod install' or update your CocoaPods installation.\" >&2\n    exit 1\nfi\n# This output is used by Xcode 'outputs' to avoid re-running this script phase.\necho \"SUCCESS\" > \"${SCRIPT_OUTPUT_FILE_0}\"\n";
			showEnvVarsInLog = 0;
		};
		E6B2DA0817A0419CF52968C3 /* [CP] Embed Pods Frameworks */ = {
			isa = PBXShellScriptBuildPhase;
			buildActionMask = 2147483647;
			files = (
			);
			inputFileListPaths = (
			);
			inputPaths = (
				"${PODS_ROOT}/Target Support Files/Pods-Sample-MVVM/Pods-Sample-MVVM-frameworks.sh",
				"${BUILT_PRODUCTS_DIR}/Alamofire/Alamofire.framework",
				"${BUILT_PRODUCTS_DIR}/Kingfisher/Kingfisher.framework",
				"${BUILT_PRODUCTS_DIR}/Moya/Moya.framework",
				"${BUILT_PRODUCTS_DIR}/Result/Result.framework",
				"${BUILT_PRODUCTS_DIR}/SwiftOverlays/SwiftOverlays.framework",
			);
			name = "[CP] Embed Pods Frameworks";
			outputFileListPaths = (
			);
			outputPaths = (
				"${TARGET_BUILD_DIR}/${FRAMEWORKS_FOLDER_PATH}/Alamofire.framework",
				"${TARGET_BUILD_DIR}/${FRAMEWORKS_FOLDER_PATH}/Kingfisher.framework",
				"${TARGET_BUILD_DIR}/${FRAMEWORKS_FOLDER_PATH}/Moya.framework",
				"${TARGET_BUILD_DIR}/${FRAMEWORKS_FOLDER_PATH}/Result.framework",
				"${TARGET_BUILD_DIR}/${FRAMEWORKS_FOLDER_PATH}/SwiftOverlays.framework",
			);
			runOnlyForDeploymentPostprocessing = 0;
			shellPath = /bin/sh;
			shellScript = "\"${PODS_ROOT}/Target Support Files/Pods-Sample-MVVM/Pods-Sample-MVVM-frameworks.sh\"\n";
			showEnvVarsInLog = 0;
		};
/* End PBXShellScriptBuildPhase section */

/* Begin PBXSourcesBuildPhase section */
		0D984F4D228E3A540022AA06 /* Sources */ = {
			isa = PBXSourcesBuildPhase;
			buildActionMask = 2147483647;
			files = (
				0D984F9C228E454D0022AA06 /* MoviesApi.swift in Sources */,
				0D984FA1228E46610022AA06 /* MoviesBusiness.swift in Sources */,
				0D984F8C228E3B470022AA06 /* MovieFlow.swift in Sources */,
				0D984F90228E3C800022AA06 /* Dynamic.swift in Sources */,
				C17243A7228F17D7000A45C1 /* DetailsMovieViewModel.swift in Sources */,
				C17243BB228F207D000A45C1 /* FormattedMovieDetails.swift in Sources */,
				C17243B5228F1986000A45C1 /* Movies.swift in Sources */,
				C17243AF228F193C000A45C1 /* MoviesFormatter.swift in Sources */,
				0D984F9A228E45110022AA06 /* MoviesService.swift in Sources */,
				0D984F8E228E3B5F0022AA06 /* FlowCoordinator.swift in Sources */,
				C17243B8228F1CB2000A45C1 /* FormattedMovies.swift in Sources */,
				0D984F55228E3A540022AA06 /* AppDelegate.swift in Sources */,
				0D984F97228E447D0022AA06 /* PreferencesService.swift in Sources */,
				C17243A9228F17E4000A45C1 /* DetailsMovieViewController.swift in Sources */,
				0D984FA3228E4A460022AA06 /* ListViewController.swift in Sources */,
				0D984F9E228E456C0022AA06 /* Constants.swift in Sources */,
				0D984FA5228E4AD80022AA06 /* ListViewModel.swift in Sources */,
			);
			runOnlyForDeploymentPostprocessing = 0;
		};
		0D984F61228E3A5D0022AA06 /* Sources */ = {
			isa = PBXSourcesBuildPhase;
			buildActionMask = 2147483647;
			files = (
				0D984F6A228E3A5D0022AA06 /* Sample_MVVMTests.swift in Sources */,
			);
			runOnlyForDeploymentPostprocessing = 0;
		};
		0D984F6C228E3A5D0022AA06 /* Sources */ = {
			isa = PBXSourcesBuildPhase;
			buildActionMask = 2147483647;
			files = (
				0D984F75228E3A5D0022AA06 /* Sample_MVVMUITests.swift in Sources */,
			);
			runOnlyForDeploymentPostprocessing = 0;
		};
/* End PBXSourcesBuildPhase section */

/* Begin PBXTargetDependency section */
		0D984F67228E3A5D0022AA06 /* PBXTargetDependency */ = {
			isa = PBXTargetDependency;
			target = 0D984F50228E3A540022AA06 /* Sample-MVVM */;
			targetProxy = 0D984F66228E3A5D0022AA06 /* PBXContainerItemProxy */;
		};
		0D984F72228E3A5D0022AA06 /* PBXTargetDependency */ = {
			isa = PBXTargetDependency;
			target = 0D984F50228E3A540022AA06 /* Sample-MVVM */;
			targetProxy = 0D984F71228E3A5D0022AA06 /* PBXContainerItemProxy */;
		};
/* End PBXTargetDependency section */

/* Begin PBXVariantGroup section */
		0D984F5D228E3A5C0022AA06 /* LaunchScreen.storyboard */ = {
			isa = PBXVariantGroup;
			children = (
				0D984F5E228E3A5C0022AA06 /* Base */,
			);
			name = LaunchScreen.storyboard;
			sourceTree = "<group>";
		};
/* End PBXVariantGroup section */

/* Begin XCBuildConfiguration section */
		0D984F77228E3A5D0022AA06 /* Debug */ = {
			isa = XCBuildConfiguration;
			buildSettings = {
				ALWAYS_SEARCH_USER_PATHS = NO;
				CLANG_ANALYZER_NONNULL = YES;
				CLANG_ANALYZER_NUMBER_OBJECT_CONVERSION = YES_AGGRESSIVE;
				CLANG_CXX_LANGUAGE_STANDARD = "gnu++14";
				CLANG_CXX_LIBRARY = "libc++";
				CLANG_ENABLE_MODULES = YES;
				CLANG_ENABLE_OBJC_ARC = YES;
				CLANG_ENABLE_OBJC_WEAK = YES;
				CLANG_WARN_BLOCK_CAPTURE_AUTORELEASING = YES;
				CLANG_WARN_BOOL_CONVERSION = YES;
				CLANG_WARN_COMMA = YES;
				CLANG_WARN_CONSTANT_CONVERSION = YES;
				CLANG_WARN_DEPRECATED_OBJC_IMPLEMENTATIONS = YES;
				CLANG_WARN_DIRECT_OBJC_ISA_USAGE = YES_ERROR;
				CLANG_WARN_DOCUMENTATION_COMMENTS = YES;
				CLANG_WARN_EMPTY_BODY = YES;
				CLANG_WARN_ENUM_CONVERSION = YES;
				CLANG_WARN_INFINITE_RECURSION = YES;
				CLANG_WARN_INT_CONVERSION = YES;
				CLANG_WARN_NON_LITERAL_NULL_CONVERSION = YES;
				CLANG_WARN_OBJC_IMPLICIT_RETAIN_SELF = YES;
				CLANG_WARN_OBJC_LITERAL_CONVERSION = YES;
				CLANG_WARN_OBJC_ROOT_CLASS = YES_ERROR;
				CLANG_WARN_RANGE_LOOP_ANALYSIS = YES;
				CLANG_WARN_STRICT_PROTOTYPES = YES;
				CLANG_WARN_SUSPICIOUS_MOVE = YES;
				CLANG_WARN_UNGUARDED_AVAILABILITY = YES_AGGRESSIVE;
				CLANG_WARN_UNREACHABLE_CODE = YES;
				CLANG_WARN__DUPLICATE_METHOD_MATCH = YES;
				CODE_SIGN_IDENTITY = "iPhone Developer";
				COPY_PHASE_STRIP = NO;
				DEBUG_INFORMATION_FORMAT = dwarf;
				ENABLE_STRICT_OBJC_MSGSEND = YES;
				ENABLE_TESTABILITY = YES;
				GCC_C_LANGUAGE_STANDARD = gnu11;
				GCC_DYNAMIC_NO_PIC = NO;
				GCC_NO_COMMON_BLOCKS = YES;
				GCC_OPTIMIZATION_LEVEL = 0;
				GCC_PREPROCESSOR_DEFINITIONS = (
					"DEBUG=1",
					"$(inherited)",
				);
				GCC_WARN_64_TO_32_BIT_CONVERSION = YES;
				GCC_WARN_ABOUT_RETURN_TYPE = YES_ERROR;
				GCC_WARN_UNDECLARED_SELECTOR = YES;
				GCC_WARN_UNINITIALIZED_AUTOS = YES_AGGRESSIVE;
				GCC_WARN_UNUSED_FUNCTION = YES;
				GCC_WARN_UNUSED_VARIABLE = YES;
				IPHONEOS_DEPLOYMENT_TARGET = 12.2;
				MTL_ENABLE_DEBUG_INFO = INCLUDE_SOURCE;
				MTL_FAST_MATH = YES;
				ONLY_ACTIVE_ARCH = YES;
				SDKROOT = iphoneos;
				SWIFT_ACTIVE_COMPILATION_CONDITIONS = DEBUG;
				SWIFT_OPTIMIZATION_LEVEL = "-Onone";
			};
			name = Debug;
		};
		0D984F78228E3A5D0022AA06 /* Release */ = {
			isa = XCBuildConfiguration;
			buildSettings = {
				ALWAYS_SEARCH_USER_PATHS = NO;
				CLANG_ANALYZER_NONNULL = YES;
				CLANG_ANALYZER_NUMBER_OBJECT_CONVERSION = YES_AGGRESSIVE;
				CLANG_CXX_LANGUAGE_STANDARD = "gnu++14";
				CLANG_CXX_LIBRARY = "libc++";
				CLANG_ENABLE_MODULES = YES;
				CLANG_ENABLE_OBJC_ARC = YES;
				CLANG_ENABLE_OBJC_WEAK = YES;
				CLANG_WARN_BLOCK_CAPTURE_AUTORELEASING = YES;
				CLANG_WARN_BOOL_CONVERSION = YES;
				CLANG_WARN_COMMA = YES;
				CLANG_WARN_CONSTANT_CONVERSION = YES;
				CLANG_WARN_DEPRECATED_OBJC_IMPLEMENTATIONS = YES;
				CLANG_WARN_DIRECT_OBJC_ISA_USAGE = YES_ERROR;
				CLANG_WARN_DOCUMENTATION_COMMENTS = YES;
				CLANG_WARN_EMPTY_BODY = YES;
				CLANG_WARN_ENUM_CONVERSION = YES;
				CLANG_WARN_INFINITE_RECURSION = YES;
				CLANG_WARN_INT_CONVERSION = YES;
				CLANG_WARN_NON_LITERAL_NULL_CONVERSION = YES;
				CLANG_WARN_OBJC_IMPLICIT_RETAIN_SELF = YES;
				CLANG_WARN_OBJC_LITERAL_CONVERSION = YES;
				CLANG_WARN_OBJC_ROOT_CLASS = YES_ERROR;
				CLANG_WARN_RANGE_LOOP_ANALYSIS = YES;
				CLANG_WARN_STRICT_PROTOTYPES = YES;
				CLANG_WARN_SUSPICIOUS_MOVE = YES;
				CLANG_WARN_UNGUARDED_AVAILABILITY = YES_AGGRESSIVE;
				CLANG_WARN_UNREACHABLE_CODE = YES;
				CLANG_WARN__DUPLICATE_METHOD_MATCH = YES;
				CODE_SIGN_IDENTITY = "iPhone Developer";
				COPY_PHASE_STRIP = NO;
				DEBUG_INFORMATION_FORMAT = "dwarf-with-dsym";
				ENABLE_NS_ASSERTIONS = NO;
				ENABLE_STRICT_OBJC_MSGSEND = YES;
				GCC_C_LANGUAGE_STANDARD = gnu11;
				GCC_NO_COMMON_BLOCKS = YES;
				GCC_WARN_64_TO_32_BIT_CONVERSION = YES;
				GCC_WARN_ABOUT_RETURN_TYPE = YES_ERROR;
				GCC_WARN_UNDECLARED_SELECTOR = YES;
				GCC_WARN_UNINITIALIZED_AUTOS = YES_AGGRESSIVE;
				GCC_WARN_UNUSED_FUNCTION = YES;
				GCC_WARN_UNUSED_VARIABLE = YES;
				IPHONEOS_DEPLOYMENT_TARGET = 12.2;
				MTL_ENABLE_DEBUG_INFO = NO;
				MTL_FAST_MATH = YES;
				SDKROOT = iphoneos;
				SWIFT_COMPILATION_MODE = wholemodule;
				SWIFT_OPTIMIZATION_LEVEL = "-O";
				VALIDATE_PRODUCT = YES;
			};
			name = Release;
		};
		0D984F7A228E3A5D0022AA06 /* Debug */ = {
			isa = XCBuildConfiguration;
			baseConfigurationReference = 432E2DB000679EEA9109166A /* Pods-Sample-MVVM.debug.xcconfig */;
			buildSettings = {
				ASSETCATALOG_COMPILER_APPICON_NAME = AppIcon;
				CODE_SIGN_STYLE = Automatic;
				INFOPLIST_FILE = "Sample-MVVM/SupportFiles/Info.plist";
				LD_RUNPATH_SEARCH_PATHS = (
					"$(inherited)",
					"@executable_path/Frameworks",
				);
				MOVIES_KEY = 3168f8490558d25cb6141355a09b4ac7;
				PRODUCT_BUNDLE_IDENTIFIER = "br.com.vitorsilveira31.Sample-MVVM";
				PRODUCT_NAME = "$(TARGET_NAME)";
				SWIFT_VERSION = 5.0;
				TARGETED_DEVICE_FAMILY = "1,2";
			};
			name = Debug;
		};
		0D984F7B228E3A5D0022AA06 /* Release */ = {
			isa = XCBuildConfiguration;
			baseConfigurationReference = 2C3FA663B240A1A5A3FD1CC3 /* Pods-Sample-MVVM.release.xcconfig */;
			buildSettings = {
				ASSETCATALOG_COMPILER_APPICON_NAME = AppIcon;
				CODE_SIGN_STYLE = Automatic;
				INFOPLIST_FILE = "Sample-MVVM/SupportFiles/Info.plist";
				LD_RUNPATH_SEARCH_PATHS = (
					"$(inherited)",
					"@executable_path/Frameworks",
				);
				MOVIES_KEY = 3168f8490558d25cb6141355a09b4ac7;
				PRODUCT_BUNDLE_IDENTIFIER = "br.com.vitorsilveira31.Sample-MVVM";
				PRODUCT_NAME = "$(TARGET_NAME)";
				SWIFT_VERSION = 5.0;
				TARGETED_DEVICE_FAMILY = "1,2";
			};
			name = Release;
		};
		0D984F7D228E3A5D0022AA06 /* Debug */ = {
			isa = XCBuildConfiguration;
			baseConfigurationReference = A5784DD1D62D6459A223B7A4 /* Pods-Sample-MVVMTests.debug.xcconfig */;
			buildSettings = {
				ALWAYS_EMBED_SWIFT_STANDARD_LIBRARIES = YES;
				BUNDLE_LOADER = "$(TEST_HOST)";
				CODE_SIGN_STYLE = Automatic;
				INFOPLIST_FILE = "Sample-MVVMTests/Info.plist";
				LD_RUNPATH_SEARCH_PATHS = (
					"$(inherited)",
					"@executable_path/Frameworks",
					"@loader_path/Frameworks",
				);
				PRODUCT_BUNDLE_IDENTIFIER = "br.com.vitorsilveira31.Sample-MVVMTests";
				PRODUCT_NAME = "$(TARGET_NAME)";
				SWIFT_VERSION = 5.0;
				TARGETED_DEVICE_FAMILY = "1,2";
				TEST_HOST = "$(BUILT_PRODUCTS_DIR)/Sample-MVVM.app/Sample-MVVM";
			};
			name = Debug;
		};
		0D984F7E228E3A5D0022AA06 /* Release */ = {
			isa = XCBuildConfiguration;
			baseConfigurationReference = 9836C19B0E3370ECA0E0DDFB /* Pods-Sample-MVVMTests.release.xcconfig */;
			buildSettings = {
				ALWAYS_EMBED_SWIFT_STANDARD_LIBRARIES = YES;
				BUNDLE_LOADER = "$(TEST_HOST)";
				CODE_SIGN_STYLE = Automatic;
				INFOPLIST_FILE = "Sample-MVVMTests/Info.plist";
				LD_RUNPATH_SEARCH_PATHS = (
					"$(inherited)",
					"@executable_path/Frameworks",
					"@loader_path/Frameworks",
				);
				PRODUCT_BUNDLE_IDENTIFIER = "br.com.vitorsilveira31.Sample-MVVMTests";
				PRODUCT_NAME = "$(TARGET_NAME)";
				SWIFT_VERSION = 5.0;
				TARGETED_DEVICE_FAMILY = "1,2";
				TEST_HOST = "$(BUILT_PRODUCTS_DIR)/Sample-MVVM.app/Sample-MVVM";
			};
			name = Release;
		};
		0D984F80228E3A5D0022AA06 /* Debug */ = {
			isa = XCBuildConfiguration;
			baseConfigurationReference = 707969CF6A91516300FB366C /* Pods-Sample-MVVMUITests.debug.xcconfig */;
			buildSettings = {
				ALWAYS_EMBED_SWIFT_STANDARD_LIBRARIES = YES;
				CODE_SIGN_STYLE = Automatic;
				INFOPLIST_FILE = "Sample-MVVMUITests/Info.plist";
				LD_RUNPATH_SEARCH_PATHS = (
					"$(inherited)",
					"@executable_path/Frameworks",
					"@loader_path/Frameworks",
				);
				PRODUCT_BUNDLE_IDENTIFIER = "br.com.vitorsilveira31.Sample-MVVMUITests";
				PRODUCT_NAME = "$(TARGET_NAME)";
				SWIFT_VERSION = 5.0;
				TARGETED_DEVICE_FAMILY = "1,2";
				TEST_TARGET_NAME = "Sample-MVVM";
			};
			name = Debug;
		};
		0D984F81228E3A5D0022AA06 /* Release */ = {
			isa = XCBuildConfiguration;
			baseConfigurationReference = 318DDACCD2A1F4ED322789BC /* Pods-Sample-MVVMUITests.release.xcconfig */;
			buildSettings = {
				ALWAYS_EMBED_SWIFT_STANDARD_LIBRARIES = YES;
				CODE_SIGN_STYLE = Automatic;
				INFOPLIST_FILE = "Sample-MVVMUITests/Info.plist";
				LD_RUNPATH_SEARCH_PATHS = (
					"$(inherited)",
					"@executable_path/Frameworks",
					"@loader_path/Frameworks",
				);
				PRODUCT_BUNDLE_IDENTIFIER = "br.com.vitorsilveira31.Sample-MVVMUITests";
				PRODUCT_NAME = "$(TARGET_NAME)";
				SWIFT_VERSION = 5.0;
				TARGETED_DEVICE_FAMILY = "1,2";
				TEST_TARGET_NAME = "Sample-MVVM";
			};
			name = Release;
		};
/* End XCBuildConfiguration section */

/* Begin XCConfigurationList section */
		0D984F4C228E3A540022AA06 /* Build configuration list for PBXProject "Sample-MVVM" */ = {
			isa = XCConfigurationList;
			buildConfigurations = (
				0D984F77228E3A5D0022AA06 /* Debug */,
				0D984F78228E3A5D0022AA06 /* Release */,
			);
			defaultConfigurationIsVisible = 0;
			defaultConfigurationName = Release;
		};
		0D984F79228E3A5D0022AA06 /* Build configuration list for PBXNativeTarget "Sample-MVVM" */ = {
			isa = XCConfigurationList;
			buildConfigurations = (
				0D984F7A228E3A5D0022AA06 /* Debug */,
				0D984F7B228E3A5D0022AA06 /* Release */,
			);
			defaultConfigurationIsVisible = 0;
			defaultConfigurationName = Release;
		};
		0D984F7C228E3A5D0022AA06 /* Build configuration list for PBXNativeTarget "Sample-MVVMTests" */ = {
			isa = XCConfigurationList;
			buildConfigurations = (
				0D984F7D228E3A5D0022AA06 /* Debug */,
				0D984F7E228E3A5D0022AA06 /* Release */,
			);
			defaultConfigurationIsVisible = 0;
			defaultConfigurationName = Release;
		};
		0D984F7F228E3A5D0022AA06 /* Build configuration list for PBXNativeTarget "Sample-MVVMUITests" */ = {
			isa = XCConfigurationList;
			buildConfigurations = (
				0D984F80228E3A5D0022AA06 /* Debug */,
				0D984F81228E3A5D0022AA06 /* Release */,
			);
			defaultConfigurationIsVisible = 0;
			defaultConfigurationName = Release;
		};
/* End XCConfigurationList section */
	};
	rootObject = 0D984F49228E3A540022AA06 /* Project object */;
}
